
Microsoft Visual Studio Solution File, Format Version 12.00
# Visual Studio Version 17
VisualStudioVersion = 17.14.36221.1 d17.14
MinimumVisualStudioVersion = 10.0.40219.1
Project("{FAE04EC0-301F-11D3-BF4B-00C04F79EFBC}") = "EXER07 Simple Inheritance", "EXER07 Simple Inheritance\EXER07 Simple Inheritance.csproj", "{156DB940-C872-4A6E-AAE8-E5105DDC981C}"
EndProject
Global
	GlobalSection(SolutionConfigurationPlatforms) = preSolution
		Debug|Any CPU = Debug|Any CPU
		Release|Any CPU = Release|Any CPU
	EndGlobalSection
	GlobalSection(ProjectConfigurationPlatforms) = postSolution
		{156DB940-C872-4A6E-AAE8-E5105DDC981C}.Debug|Any CPU.ActiveCfg = Debug|Any CPU
		{156DB940-C872-4A6E-AAE8-E5105DDC981C}.Debug|Any CPU.Build.0 = Debug|Any CPU
		{156DB940-C872-4A6E-AAE8-E5105DDC981C}.Release|Any CPU.ActiveCfg = Release|Any CPU
		{156DB940-C872-4A6E-AAE8-E5105DDC981C}.Release|Any CPU.Build.0 = Release|Any CPU
	EndGlobalSection
	GlobalSection(SolutionProperties) = preSolution
		HideSolutionNode = FALSE
	EndGlobalSection
	GlobalSection(ExtensibilityGlobals) = postSolution
		SolutionGuid = {933E5621-6E45-4540-8CA9-F719BD4141F5}
	EndGlobalSection
EndGlobal
