
Microsoft Visual Studio Solution File, Format Version 12.00
# Visual Studio Version 17
VisualStudioVersion = 17.14.36221.1 d17.14
MinimumVisualStudioVersion = 10.0.40219.1
Project("{FAE04EC0-301F-11D3-BF4B-00C04F79EFBC}") = "EXER_08 Inheritance with User Input", "EXER_08 Inheritance with User Input\EXER_08 Inheritance with User Input.csproj", "{81B1F123-A7F7-44AE-80CF-717BCD6FBD06}"
EndProject
Global
	GlobalSection(SolutionConfigurationPlatforms) = preSolution
		Debug|Any CPU = Debug|Any CPU
		Release|Any CPU = Release|Any CPU
	EndGlobalSection
	GlobalSection(ProjectConfigurationPlatforms) = postSolution
		{81B1F123-A7F7-44AE-80CF-717BCD6FBD06}.Debug|Any CPU.ActiveCfg = Debug|Any CPU
		{81B1F123-A7F7-44AE-80CF-717BCD6FBD06}.Debug|Any CPU.Build.0 = Debug|Any CPU
		{81B1F123-A7F7-44AE-80CF-717BCD6FBD06}.Release|Any CPU.ActiveCfg = Release|Any CPU
		{81B1F123-A7F7-44AE-80CF-717BCD6FBD06}.Release|Any CPU.Build.0 = Release|Any CPU
	EndGlobalSection
	GlobalSection(SolutionProperties) = preSolution
		HideSolutionNode = FALSE
	EndGlobalSection
	GlobalSection(ExtensibilityGlobals) = postSolution
		SolutionGuid = {24B2E3EA-C6B6-4F9B-9F6C-2C595461BF3A}
	EndGlobalSection
EndGlobal
